
Microsoft Visual Studio Solution File, Format Version 10.00
# Visual Studio 2008
Project("{FAE04EC0-301F-11D3-BF4B-00C04F79EFBC}") = "TreeVisualiser", "TreeVisualiser\TreeVisualiser.csproj", "{D5E463D1-9217-46EA-A2C8-B927656F885B}"
EndProject
Project("{2150E333-8FDC-42A3-9474-1A3956D46DE8}") = "SimpleDotExample", "SimpleDotExample", "{CB83B277-B000-46E4-876B-6C1489AF8EDF}"
	ProjectSection(SolutionItems) = preProject
		RunSimpleExample.cmd = RunSimpleExample.cmd
		SimpleExampleSource.dot = SimpleExampleSource.dot
		SimpleOutput.png = SimpleOutput.png
	EndProjectSection
EndProject
Project("{2150E333-8FDC-42A3-9474-1A3956D46DE8}") = "ProgramDemo", "ProgramDemo", "{7E9BC20B-0BF9-4EDC-9779-D37583642D69}"
	ProjectSection(SolutionItems) = preProject
		DecisionTree.png = DecisionTree.png
		ExampleData.sql = ExampleData.sql
		GeneratedMarkup.dot = GeneratedMarkup.dot
		ShowExample.cmd = ShowExample.cmd
		ShowTree.cmd = ShowTree.cmd
	EndProjectSection
EndProject
Project("{2150E333-8FDC-42A3-9474-1A3956D46DE8}") = "Solution Items", "Solution Items", "{18DA8786-7E6F-4A67-A5EC-807139BCF45D}"
	ProjectSection(SolutionItems) = preProject
		CreateZip.proj = CreateZip.proj
	EndProjectSection
EndProject
Global
	GlobalSection(SolutionConfigurationPlatforms) = preSolution
		Debug|Any CPU = Debug|Any CPU
		Release|Any CPU = Release|Any CPU
	EndGlobalSection
	GlobalSection(ProjectConfigurationPlatforms) = postSolution
		{D5E463D1-9217-46EA-A2C8-B927656F885B}.Debug|Any CPU.ActiveCfg = Debug|Any CPU
		{D5E463D1-9217-46EA-A2C8-B927656F885B}.Debug|Any CPU.Build.0 = Debug|Any CPU
		{D5E463D1-9217-46EA-A2C8-B927656F885B}.Release|Any CPU.ActiveCfg = Release|Any CPU
		{D5E463D1-9217-46EA-A2C8-B927656F885B}.Release|Any CPU.Build.0 = Release|Any CPU
	EndGlobalSection
	GlobalSection(SolutionProperties) = preSolution
		HideSolutionNode = FALSE
	EndGlobalSection
EndGlobal
